// !$*UTF8*$!
{
	archiveVersion = 1;
	classes = {
	};
	objectVersion = 54;
	objects = {

/* Begin PBXBuildFile section */
		03D3A13416AA6ABF8EFC319A /* ActivityKit.framework in Frameworks */ = {isa = PBXBuildFile; fileRef = E88D391513ED32AA26DEAB1C /* ActivityKit.framework */; };
		0B1D16C77EDC2DAFC730A876 /* TSLocationPushSocketClient.swift in Sources */ = {isa = PBXBuildFile; fileRef = 72CDBDAA7420F0B44B6DE0DF /* TSLocationPushSocketClient.swift */; };
		0C80B921A6F3F58F76C31292 /* libPods-BgGeolocationExample.a in Frameworks */ = {isa = PBXBuildFile; fileRef = 5DCACB8F33CDC322A6C60F78 /* libPods-BgGeolocationExample.a */; };
		106C48778FE525F374656CDC /* BgGeolocationLiveActivityBundle.swift in Sources */ = {isa = PBXBuildFile; fileRef = 0142A05B67DB0B3296B1A4E8 /* BgGeolocationLiveActivityBundle.swift */; };
		13B07FBF1A68108700A75B9A /* Images.xcassets in Resources */ = {isa = PBXBuildFile; fileRef = 13B07FB51A68108700A75B9A /* Images.xcassets */; };
		231714B6D3E532687649BB4C /* TSLocationPushShared.swift in Sources */ = {isa = PBXBuildFile; fileRef = EB1636814E71EE6D88A84F92 /* TSLocationPushShared.swift */; };
		2FF5CC921A7CAEB7BCDBE3C1 /* PrivacyInfo.xcprivacy in Resources */ = {isa = PBXBuildFile; fileRef = 13B07FB81A68108700A75B9A /* PrivacyInfo.xcprivacy */; };
		5216D1256547033ED466282D /* BgGeolocationLiveActivity.appex in Embed App Extensions */ = {isa = PBXBuildFile; fileRef = 4CD38FDE231CD536FB26B405 /* BgGeolocationLiveActivity.appex */; settings = {ATTRIBUTES = (CodeSignOnCopy, RemoveHeadersOnCopy, ); }; };
		54B04F3220BB74BA05A020D0 /* CoreLocation.framework in Frameworks */ = {isa = PBXBuildFile; fileRef = 6823C23AE7DF090504249C57 /* CoreLocation.framework */; };
		5F9698A714EBFBAFA7B05905 /* TSLiveTrackingAttributes.swift in Sources */ = {isa = PBXBuildFile; fileRef = BE70CBD8E7661E64E29A2D71 /* TSLiveTrackingAttributes.swift */; };
		70B24AC734266267586537B0 /* LiveTrackingWidget.swift in Sources */ = {isa = PBXBuildFile; fileRef = BA47E4B4DF89311EA7114BBF /* LiveTrackingWidget.swift */; };
		761780ED2CA45674006654EE /* AppDelegate.swift in Sources */ = {isa = PBXBuildFile; fileRef = 761780EC2CA45674006654EE /* AppDelegate.swift */; };
		776E4DE5A8FF97F08A1A6C82 /* SwiftUI.framework in Frameworks */ = {isa = PBXBuildFile; fileRef = EEA1CF95CC3910EEDBBE8455 /* SwiftUI.framework */; };
		81AB9BB82411601600AC10FF /* LaunchScreen.storyboard in Resources */ = {isa = PBXBuildFile; fileRef = 81AB9BB72411601600AC10FF /* LaunchScreen.storyboard */; };
		89585FE00F2B1496681DDAA0 /* TSLocationPushService.swift in Sources */ = {isa = PBXBuildFile; fileRef = 8A158860F496EA8A0F256088 /* TSLocationPushService.swift */; };
		896FB9DC7AB61AB92D361AB9 /* Foundation.framework in Frameworks */ = {isa = PBXBuildFile; fileRef = CCA0C942291F5B575D339E24 /* Foundation.framework */; };
		9D9E1B92A5043875569B487B /* Foundation.framework in Frameworks */ = {isa = PBXBuildFile; fileRef = CCA0C942291F5B575D339E24 /* Foundation.framework */; };
		D09C9BAA8F555FA90FD6D812 /* WidgetKit.framework in Frameworks */ = {isa = PBXBuildFile; fileRef = 5C7948DB36C89FFC42DAD68C /* WidgetKit.framework */; };
		DB7ADD5637706F43D74373CE /* LocationPushExtension.appex in Embed App Extensions */ = {isa = PBXBuildFile; fileRef = BF0887F37AB8EA5AE58EB131 /* LocationPushExtension.appex */; settings = {ATTRIBUTES = (RemoveHeadersOnCopy, ); }; };
/* End PBXBuildFile section */

/* Begin PBXContainerItemProxy section */
		7E1C26C1A15261B007A11B6D /* PBXContainerItemProxy */ = {
			isa = PBXContainerItemProxy;
			containerPortal = 83CBB9F71A601CBA00E9B192 /* Project object */;
			proxyType = 1;
			remoteGlobalIDString = 676634CB482D3FCAB46DF1D2;
			remoteInfo = BgGeolocationLiveActivity;
		};
		F15ECF46BB1B23EB03A38824 /* PBXContainerItemProxy */ = {
			isa = PBXContainerItemProxy;
			containerPortal = 83CBB9F71A601CBA00E9B192 /* Project object */;
			proxyType = 1;
			remoteGlobalIDString = 3DF28F22F149234D2415DC57;
			remoteInfo = LocationPushExtension;
		};
/* End PBXContainerItemProxy section */

/* Begin PBXCopyFilesBuildPhase section */
		174B3A76121488277664A223 /* Embed App Extensions */ = {
			isa = PBXCopyFilesBuildPhase;
			buildActionMask = 2147483647;
			dstPath = "";
			dstSubfolderSpec = 13;
			files = (
				5216D1256547033ED466282D /* BgGeolocationLiveActivity.appex in Embed App Extensions */,
				DB7ADD5637706F43D74373CE /* LocationPushExtension.appex in Embed App Extensions */,
			);
			name = "Embed App Extensions";
			runOnlyForDeploymentPostprocessing = 0;
		};
/* End PBXCopyFilesBuildPhase section */

/* Begin PBXFileReference section */
		0142A05B67DB0B3296B1A4E8 /* BgGeolocationLiveActivityBundle.swift */ = {isa = PBXFileReference; includeInIndex = 1; lastKnownFileType = sourcecode.swift; path = BgGeolocationLiveActivityBundle.swift; sourceTree = "<group>"; };
		13B07F961A680F5B00A75B9A /* BgGeolocationExample.app */ = {isa = PBXFileReference; explicitFileType = wrapper.application; includeInIndex = 0; path = BgGeolocationExample.app; sourceTree = BUILT_PRODUCTS_DIR; };
		13B07FB51A68108700A75B9A /* Images.xcassets */ = {isa = PBXFileReference; lastKnownFileType = folder.assetcatalog; name = Images.xcassets; path = BgGeolocationExample/Images.xcassets; sourceTree = "<group>"; };
		13B07FB61A68108700A75B9A /* Info.plist */ = {isa = PBXFileReference; fileEncoding = 4; lastKnownFileType = text.plist.xml; name = Info.plist; path = BgGeolocationExample/Info.plist; sourceTree = "<group>"; };
		13B07FB81A68108700A75B9A /* PrivacyInfo.xcprivacy */ = {isa = PBXFileReference; fileEncoding = 4; lastKnownFileType = text.plist.xml; name = PrivacyInfo.xcprivacy; path = BgGeolocationExample/PrivacyInfo.xcprivacy; sourceTree = "<group>"; };
		3B4392A12AC88292D35C810B /* Pods-BgGeolocationExample.debug.xcconfig */ = {isa = PBXFileReference; includeInIndex = 1; lastKnownFileType = text.xcconfig; name = "Pods-BgGeolocationExample.debug.xcconfig"; path = "Target Support Files/Pods-BgGeolocationExample/Pods-BgGeolocationExample.debug.xcconfig"; sourceTree = "<group>"; };
		4CD38FDE231CD536FB26B405 /* BgGeolocationLiveActivity.appex */ = {isa = PBXFileReference; explicitFileType = "wrapper.app-extension"; includeInIndex = 0; path = BgGeolocationLiveActivity.appex; sourceTree = BUILT_PRODUCTS_DIR; };
		5709B34CF0A7D63546082F79 /* Pods-BgGeolocationExample.release.xcconfig */ = {isa = PBXFileReference; includeInIndex = 1; lastKnownFileType = text.xcconfig; name = "Pods-BgGeolocationExample.release.xcconfig"; path = "Target Support Files/Pods-BgGeolocationExample/Pods-BgGeolocationExample.release.xcconfig"; sourceTree = "<group>"; };
		5C7948DB36C89FFC42DAD68C /* WidgetKit.framework */ = {isa = PBXFileReference; lastKnownFileType = wrapper.framework; name = WidgetKit.framework; path = System/Library/Frameworks/WidgetKit.framework; sourceTree = SDKROOT; };
		5DCACB8F33CDC322A6C60F78 /* libPods-BgGeolocationExample.a */ = {isa = PBXFileReference; explicitFileType = archive.ar; includeInIndex = 0; path = "libPods-BgGeolocationExample.a"; sourceTree = BUILT_PRODUCTS_DIR; };
		6823C23AE7DF090504249C57 /* CoreLocation.framework */ = {isa = PBXFileReference; lastKnownFileType = wrapper.framework; name = CoreLocation.framework; path = System/Library/Frameworks/CoreLocation.framework; sourceTree = SDKROOT; };
		72CDBDAA7420F0B44B6DE0DF /* TSLocationPushSocketClient.swift */ = {isa = PBXFileReference; includeInIndex = 1; lastKnownFileType = sourcecode.swift; path = TSLocationPushSocketClient.swift; sourceTree = "<group>"; };
		761780EC2CA45674006654EE /* AppDelegate.swift */ = {isa = PBXFileReference; lastKnownFileType = sourcecode.swift; name = AppDelegate.swift; path = BgGeolocationExample/AppDelegate.swift; sourceTree = "<group>"; };
		81AB9BB72411601600AC10FF /* LaunchScreen.storyboard */ = {isa = PBXFileReference; fileEncoding = 4; lastKnownFileType = file.storyboard; name = LaunchScreen.storyboard; path = BgGeolocationExample/LaunchScreen.storyboard; sourceTree = "<group>"; };
		8A158860F496EA8A0F256088 /* TSLocationPushService.swift */ = {isa = PBXFileReference; includeInIndex = 1; lastKnownFileType = sourcecode.swift; path = TSLocationPushService.swift; sourceTree = "<group>"; };
		BA47E4B4DF89311EA7114BBF /* LiveTrackingWidget.swift */ = {isa = PBXFileReference; includeInIndex = 1; lastKnownFileType = sourcecode.swift; path = LiveTrackingWidget.swift; sourceTree = "<group>"; };
		BE70CBD8E7661E64E29A2D71 /* TSLiveTrackingAttributes.swift */ = {isa = PBXFileReference; includeInIndex = 1; lastKnownFileType = sourcecode.swift; path = TSLiveTrackingAttributes.swift; sourceTree = "<group>"; };
		BF0887F37AB8EA5AE58EB131 /* LocationPushExtension.appex */ = {isa = PBXFileReference; explicitFileType = "wrapper.app-extension"; includeInIndex = 0; path = LocationPushExtension.appex; sourceTree = BUILT_PRODUCTS_DIR; };
		CCA0C942291F5B575D339E24 /* Foundation.framework */ = {isa = PBXFileReference; lastKnownFileType = wrapper.framework; name = Foundation.framework; path = Platforms/iPhoneOS.platform/Developer/SDKs/iPhoneOS18.0.sdk/System/Library/Frameworks/Foundation.framework; sourceTree = DEVELOPER_DIR; };
		D6696176D6B52CBA5EE1FF06 /* Info.plist */ = {isa = PBXFileReference; includeInIndex = 1; lastKnownFileType = text.plist.xml; path = Info.plist; sourceTree = "<group>"; };
		E40DA366EFEDD367D3DC2C96 /* LocationPushExtension.entitlements */ = {isa = PBXFileReference; includeInIndex = 1; lastKnownFileType = text.plist.entitlements; path = LocationPushExtension.entitlements; sourceTree = "<group>"; };
		E88D391513ED32AA26DEAB1C /* ActivityKit.framework */ = {isa = PBXFileReference; lastKnownFileType = wrapper.framework; name = ActivityKit.framework; path = System/Library/Frameworks/ActivityKit.framework; sourceTree = SDKROOT; };
		EB1636814E71EE6D88A84F92 /* TSLocationPushShared.swift */ = {isa = PBXFileReference; includeInIndex = 1; lastKnownFileType = sourcecode.swift; path = TSLocationPushShared.swift; sourceTree = "<group>"; };
		ED297162215061F000B7C4FE /* JavaScriptCore.framework */ = {isa = PBXFileReference; lastKnownFileType = wrapper.framework; name = JavaScriptCore.framework; path = System/Library/Frameworks/JavaScriptCore.framework; sourceTree = SDKROOT; };
		EEA1CF95CC3910EEDBBE8455 /* SwiftUI.framework */ = {isa = PBXFileReference; lastKnownFileType = wrapper.framework; name = SwiftUI.framework; path = System/Library/Frameworks/SwiftUI.framework; sourceTree = SDKROOT; };
/* End PBXFileReference section */

/* Begin PBXFrameworksBuildPhase section */
		13B07F8C1A680F5B00A75B9A /* Frameworks */ = {
			isa = PBXFrameworksBuildPhase;
			buildActionMask = 2147483647;
			files = (
				0C80B921A6F3F58F76C31292 /* libPods-BgGeolocationExample.a in Frameworks */,
			);
			runOnlyForDeploymentPostprocessing = 0;
		};
		BC34A52A08EC7E6CADFCB29C /* Frameworks */ = {
			isa = PBXFrameworksBuildPhase;
			buildActionMask = 2147483647;
			files = (
				896FB9DC7AB61AB92D361AB9 /* Foundation.framework in Frameworks */,
				54B04F3220BB74BA05A020D0 /* CoreLocation.framework in Frameworks */,
			);
			runOnlyForDeploymentPostprocessing = 0;
		};
		F12C92696FD4008C4E77312C /* Frameworks */ = {
			isa = PBXFrameworksBuildPhase;
			buildActionMask = 2147483647;
			files = (
				9D9E1B92A5043875569B487B /* Foundation.framework in Frameworks */,
				03D3A13416AA6ABF8EFC319A /* ActivityKit.framework in Frameworks */,
				776E4DE5A8FF97F08A1A6C82 /* SwiftUI.framework in Frameworks */,
				D09C9BAA8F555FA90FD6D812 /* WidgetKit.framework in Frameworks */,
			);
			runOnlyForDeploymentPostprocessing = 0;
		};
/* End PBXFrameworksBuildPhase section */

/* Begin PBXGroup section */
		0F21CE1F685D938E969847E4 /* LocationPushShared */ = {
			isa = PBXGroup;
			children = (
				EB1636814E71EE6D88A84F92 /* TSLocationPushShared.swift */,
				8A158860F496EA8A0F256088 /* TSLocationPushService.swift */,
				72CDBDAA7420F0B44B6DE0DF /* TSLocationPushSocketClient.swift */,
			);
			name = LocationPushShared;
			path = ../../ios/locationpush;
			sourceTree = SOURCE_ROOT;
		};
		13B07FAE1A68108700A75B9A /* BgGeolocationExample */ = {
			isa = PBXGroup;
			children = (
				13B07FB51A68108700A75B9A /* Images.xcassets */,
				761780EC2CA45674006654EE /* AppDelegate.swift */,
				13B07FB61A68108700A75B9A /* Info.plist */,
				81AB9BB72411601600AC10FF /* LaunchScreen.storyboard */,
				13B07FB81A68108700A75B9A /* PrivacyInfo.xcprivacy */,
			);
			name = BgGeolocationExample;
			sourceTree = "<group>";
		};
		29BF92BD7679AD80C7470A85 /* BgGeolocationLiveActivity */ = {
			isa = PBXGroup;
			children = (
				0142A05B67DB0B3296B1A4E8 /* BgGeolocationLiveActivityBundle.swift */,
				BA47E4B4DF89311EA7114BBF /* LiveTrackingWidget.swift */,
			);
			path = BgGeolocationLiveActivity;
			sourceTree = "<group>";
		};
		2D16E6871FA4F8E400B85C8A /* Frameworks */ = {
			isa = PBXGroup;
			children = (
				ED297162215061F000B7C4FE /* JavaScriptCore.framework */,
				5DCACB8F33CDC322A6C60F78 /* libPods-BgGeolocationExample.a */,
				EBDCE63AF596201C4CA2A327 /* iOS */,
				E88D391513ED32AA26DEAB1C /* ActivityKit.framework */,
				EEA1CF95CC3910EEDBBE8455 /* SwiftUI.framework */,
				5C7948DB36C89FFC42DAD68C /* WidgetKit.framework */,
				6823C23AE7DF090504249C57 /* CoreLocation.framework */,
			);
			name = Frameworks;
			sourceTree = "<group>";
		};
		7225EEBDDC72B96D06D6B07C /* LiveActivityShared */ = {
			isa = PBXGroup;
			children = (
				BE70CBD8E7661E64E29A2D71 /* TSLiveTrackingAttributes.swift */,
			);
			name = LiveActivityShared;
			path = ../../ios/liveactivity;
			sourceTree = SOURCE_ROOT;
		};
		832341AE1AAA6A7D00B99B32 /* Libraries */ = {
			isa = PBXGroup;
			children = (
			);
			name = Libraries;
			sourceTree = "<group>";
		};
		83CBB9F61A601CBA00E9B192 = {
			isa = PBXGroup;
			children = (
				13B07FAE1A68108700A75B9A /* BgGeolocationExample */,
				832341AE1AAA6A7D00B99B32 /* Libraries */,
				83CBBA001A601CBA00E9B192 /* Products */,
				2D16E6871FA4F8E400B85C8A /* Frameworks */,
				BBD78D7AC51CEA395F1C20DB /* Pods */,
				29BF92BD7679AD80C7470A85 /* BgGeolocationLiveActivity */,
				7225EEBDDC72B96D06D6B07C /* LiveActivityShared */,
				0F21CE1F685D938E969847E4 /* LocationPushShared */,
				DB3B24A1D45E18C584CDA8CB /* LocationPushExtension */,
			);
			indentWidth = 2;
			sourceTree = "<group>";
			tabWidth = 2;
			usesTabs = 0;
		};
		83CBBA001A601CBA00E9B192 /* Products */ = {
			isa = PBXGroup;
			children = (
				13B07F961A680F5B00A75B9A /* BgGeolocationExample.app */,
				4CD38FDE231CD536FB26B405 /* BgGeolocationLiveActivity.appex */,
				BF0887F37AB8EA5AE58EB131 /* LocationPushExtension.appex */,
			);
			name = Products;
			sourceTree = "<group>";
		};
		BBD78D7AC51CEA395F1C20DB /* Pods */ = {
			isa = PBXGroup;
			children = (
				3B4392A12AC88292D35C810B /* Pods-BgGeolocationExample.debug.xcconfig */,
				5709B34CF0A7D63546082F79 /* Pods-BgGeolocationExample.release.xcconfig */,
			);
			path = Pods;
			sourceTree = "<group>";
		};
		DB3B24A1D45E18C584CDA8CB /* LocationPushExtension */ = {
			isa = PBXGroup;
			children = (
				D6696176D6B52CBA5EE1FF06 /* Info.plist */,
				E40DA366EFEDD367D3DC2C96 /* LocationPushExtension.entitlements */,
			);
			path = LocationPushExtension;
			sourceTree = "<group>";
		};
		EBDCE63AF596201C4CA2A327 /* iOS */ = {
			isa = PBXGroup;
			children = (
				CCA0C942291F5B575D339E24 /* Foundation.framework */,
			);
			name = iOS;
			sourceTree = "<group>";
		};
/* End PBXGroup section */

/* Begin PBXNativeTarget section */
		13B07F861A680F5B00A75B9A /* BgGeolocationExample */ = {
			isa = PBXNativeTarget;
			buildConfigurationList = 13B07F931A680F5B00A75B9A /* Build configuration list for PBXNativeTarget "BgGeolocationExample" */;
			buildPhases = (
				C38B50BA6285516D6DCD4F65 /* [CP] Check Pods Manifest.lock */,
				13B07F871A680F5B00A75B9A /* Sources */,
				13B07F8C1A680F5B00A75B9A /* Frameworks */,
				13B07F8E1A680F5B00A75B9A /* Resources */,
				00DD1BFF1BD5951E006B06BC /* Bundle React Native code and images */,
				00EEFC60759A1932668264C0 /* [CP] Embed Pods Frameworks */,
				E235C05ADACE081382539298 /* [CP] Copy Pods Resources */,
				174B3A76121488277664A223 /* Embed App Extensions */,
			);
			buildRules = (
			);
			dependencies = (
				93374AAE6493F905F72FA83E /* PBXTargetDependency */,
				555AB9D873EDC2BDF1E550C0 /* PBXTargetDependency */,
			);
			name = BgGeolocationExample;
			productName = BgGeolocationExample;
			productReference = 13B07F961A680F5B00A75B9A /* BgGeolocationExample.app */;
			productType = "com.apple.product-type.application";
		};
		3DF28F22F149234D2415DC57 /* LocationPushExtension */ = {
			isa = PBXNativeTarget;
			buildConfigurationList = 0D480533A6B01D16D7EFE416 /* Build configuration list for PBXNativeTarget "LocationPushExtension" */;
			buildPhases = (
				F2184B378BD152439091DEFC /* Sources */,
				BC34A52A08EC7E6CADFCB29C /* Frameworks */,
				7CEEA92FC4A5AC4D5E33C520 /* Resources */,
			);
			buildRules = (
			);
			dependencies = (
			);
			name = LocationPushExtension;
			productName = LocationPushExtension;
			productReference = BF0887F37AB8EA5AE58EB131 /* LocationPushExtension.appex */;
			productType = "com.apple.product-type.app-extension";
		};
		676634CB482D3FCAB46DF1D2 /* BgGeolocationLiveActivity */ = {
			isa = PBXNativeTarget;
			buildConfigurationList = 7434915676D8800452E8E4D4 /* Build configuration list for PBXNativeTarget "BgGeolocationLiveActivity" */;
			buildPhases = (
				15DE3862E75B1352E6CD1B99 /* Sources */,
				F12C92696FD4008C4E77312C /* Frameworks */,
				C74690E91F945D0E156AD15C /* Resources */,
			);
			buildRules = (
			);
			dependencies = (
			);
			name = BgGeolocationLiveActivity;
			productName = BgGeolocationLiveActivity;
			productReference = 4CD38FDE231CD536FB26B405 /* BgGeolocationLiveActivity.appex */;
			productType = "com.apple.product-type.app-extension";
		};
/* End PBXNativeTarget section */

/* Begin PBXProject section */
		83CBB9F71A601CBA00E9B192 /* Project object */ = {
			isa = PBXProject;
			attributes = {
				LastUpgradeCheck = 1210;
				TargetAttributes = {
					13B07F861A680F5B00A75B9A = {
						LastSwiftMigration = 1120;
					};
				};
			};
			buildConfigurationList = 83CBB9FA1A601CBA00E9B192 /* Build configuration list for PBXProject "BgGeolocationExample" */;
			compatibilityVersion = "Xcode 12.0";
			developmentRegion = en;
			hasScannedForEncodings = 0;
			knownRegions = (
				en,
				Base,
			);
			mainGroup = 83CBB9F61A601CBA00E9B192;
			productRefGroup = 83CBBA001A601CBA00E9B192 /* Products */;
			projectDirPath = "";
			projectRoot = "";
			targets = (
				13B07F861A680F5B00A75B9A /* BgGeolocationExample */,
				676634CB482D3FCAB46DF1D2 /* BgGeolocationLiveActivity */,
				3DF28F22F149234D2415DC57 /* LocationPushExtension */,
			);
		};
/* End PBXProject section */

/* Begin PBXResourcesBuildPhase section */
		13B07F8E1A680F5B00A75B9A /* Resources */ = {
			isa = PBXResourcesBuildPhase;
			buildActionMask = 2147483647;
			files = (
				81AB9BB82411601600AC10FF /* LaunchScreen.storyboard in Resources */,
				13B07FBF1A68108700A75B9A /* Images.xcassets in Resources */,
				2FF5CC921A7CAEB7BCDBE3C1 /* PrivacyInfo.xcprivacy in Resources */,
			);
			runOnlyForDeploymentPostprocessing = 0;
		};
		7CEEA92FC4A5AC4D5E33C520 /* Resources */ = {
			isa = PBXResourcesBuildPhase;
			buildActionMask = 2147483647;
			files = (
			);
			runOnlyForDeploymentPostprocessing = 0;
		};
		C74690E91F945D0E156AD15C /* Resources */ = {
			isa = PBXResourcesBuildPhase;
			buildActionMask = 2147483647;
			files = (
			);
			runOnlyForDeploymentPostprocessing = 0;
		};
/* End PBXResourcesBuildPhase section */

/* Begin PBXShellScriptBuildPhase section */
		00DD1BFF1BD5951E006B06BC /* Bundle React Native code and images */ = {
			isa = PBXShellScriptBuildPhase;
			buildActionMask = 2147483647;
			files = (
			);
			inputPaths = (
				"$(SRCROOT)/.xcode.env.local",
				"$(SRCROOT)/.xcode.env",
			);
			name = "Bundle React Native code and images";
			outputPaths = (
			);
			runOnlyForDeploymentPostprocessing = 0;
			shellPath = /bin/sh;
			shellScript = "set -e\n\nWITH_ENVIRONMENT=\"$REACT_NATIVE_PATH/scripts/xcode/with-environment.sh\"\nREACT_NATIVE_XCODE=\"$REACT_NATIVE_PATH/scripts/react-native-xcode.sh\"\n\n/bin/sh -c \"\\\"$WITH_ENVIRONMENT\\\" \\\"$REACT_NATIVE_XCODE\\\"\"\n";
		};
		00EEFC60759A1932668264C0 /* [CP] Embed Pods Frameworks */ = {
			isa = PBXShellScriptBuildPhase;
			buildActionMask = 2147483647;
			files = (
			);
			inputFileListPaths = (
				"${PODS_ROOT}/Target Support Files/Pods-BgGeolocationExample/Pods-BgGeolocationExample-frameworks-${CONFIGURATION}-input-files.xcfilelist",
			);
			name = "[CP] Embed Pods Frameworks";
			outputFileListPaths = (
				"${PODS_ROOT}/Target Support Files/Pods-BgGeolocationExample/Pods-BgGeolocationExample-frameworks-${CONFIGURATION}-output-files.xcfilelist",
			);
			runOnlyForDeploymentPostprocessing = 0;
			shellPath = /bin/sh;
			shellScript = "\"${PODS_ROOT}/Target Support Files/Pods-BgGeolocationExample/Pods-BgGeolocationExample-frameworks.sh\"\n";
			showEnvVarsInLog = 0;
		};
		C38B50BA6285516D6DCD4F65 /* [CP] Check Pods Manifest.lock */ = {
			isa = PBXShellScriptBuildPhase;
			buildActionMask = 2147483647;
			files = (
			);
			inputFileListPaths = (
			);
			inputPaths = (
				"${PODS_PODFILE_DIR_PATH}/Podfile.lock",
				"${PODS_ROOT}/Manifest.lock",
			);
			name = "[CP] Check Pods Manifest.lock";
			outputFileListPaths = (
			);
			outputPaths = (
				"$(DERIVED_FILE_DIR)/Pods-BgGeolocationExample-checkManifestLockResult.txt",
			);
			runOnlyForDeploymentPostprocessing = 0;
			shellPath = /bin/sh;
			shellScript = "diff \"${PODS_PODFILE_DIR_PATH}/Podfile.lock\" \"${PODS_ROOT}/Manifest.lock\" > /dev/null\nif [ $? != 0 ] ; then\n    # print error to STDERR\n    echo \"error: The sandbox is not in sync with the Podfile.lock. Run 'pod install' or update your CocoaPods installation.\" >&2\n    exit 1\nfi\n# This output is used by Xcode 'outputs' to avoid re-running this script phase.\necho \"SUCCESS\" > \"${SCRIPT_OUTPUT_FILE_0}\"\n";
			showEnvVarsInLog = 0;
		};
		E235C05ADACE081382539298 /* [CP] Copy Pods Resources */ = {
			isa = PBXShellScriptBuildPhase;
			buildActionMask = 2147483647;
			files = (
			);
			inputFileListPaths = (
				"${PODS_ROOT}/Target Support Files/Pods-BgGeolocationExample/Pods-BgGeolocationExample-resources-${CONFIGURATION}-input-files.xcfilelist",
			);
			name = "[CP] Copy Pods Resources";
			outputFileListPaths = (
				"${PODS_ROOT}/Target Support Files/Pods-BgGeolocationExample/Pods-BgGeolocationExample-resources-${CONFIGURATION}-output-files.xcfilelist",
			);
			runOnlyForDeploymentPostprocessing = 0;
			shellPath = /bin/sh;
			shellScript = "\"${PODS_ROOT}/Target Support Files/Pods-BgGeolocationExample/Pods-BgGeolocationExample-resources.sh\"\n";
			showEnvVarsInLog = 0;
		};
/* End PBXShellScriptBuildPhase section */

/* Begin PBXSourcesBuildPhase section */
		13B07F871A680F5B00A75B9A /* Sources */ = {
			isa = PBXSourcesBuildPhase;
			buildActionMask = 2147483647;
			files = (
				761780ED2CA45674006654EE /* AppDelegate.swift in Sources */,
			);
			runOnlyForDeploymentPostprocessing = 0;
		};
		15DE3862E75B1352E6CD1B99 /* Sources */ = {
			isa = PBXSourcesBuildPhase;
			buildActionMask = 2147483647;
			files = (
				106C48778FE525F374656CDC /* BgGeolocationLiveActivityBundle.swift in Sources */,
				70B24AC734266267586537B0 /* LiveTrackingWidget.swift in Sources */,
				5F9698A714EBFBAFA7B05905 /* TSLiveTrackingAttributes.swift in Sources */,
			);
			runOnlyForDeploymentPostprocessing = 0;
		};
		F2184B378BD152439091DEFC /* Sources */ = {
			isa = PBXSourcesBuildPhase;
			buildActionMask = 2147483647;
			files = (
				231714B6D3E532687649BB4C /* TSLocationPushShared.swift in Sources */,
				89585FE00F2B1496681DDAA0 /* TSLocationPushService.swift in Sources */,
				0B1D16C77EDC2DAFC730A876 /* TSLocationPushSocketClient.swift in Sources */,
			);
			runOnlyForDeploymentPostprocessing = 0;
		};
/* End PBXSourcesBuildPhase section */

/* Begin PBXTargetDependency section */
		555AB9D873EDC2BDF1E550C0 /* PBXTargetDependency */ = {
			isa = PBXTargetDependency;
			name = LocationPushExtension;
			target = 3DF28F22F149234D2415DC57 /* LocationPushExtension */;
			targetProxy = F15ECF46BB1B23EB03A38824 /* PBXContainerItemProxy */;
		};
		93374AAE6493F905F72FA83E /* PBXTargetDependency */ = {
			isa = PBXTargetDependency;
			name = BgGeolocationLiveActivity;
			target = 676634CB482D3FCAB46DF1D2 /* BgGeolocationLiveActivity */;
			targetProxy = 7E1C26C1A15261B007A11B6D /* PBXContainerItemProxy */;
		};
/* End PBXTargetDependency section */

/* Begin XCBuildConfiguration section */
		0049EA2B950AA98803BE977D /* Debug */ = {
			isa = XCBuildConfiguration;
			buildSettings = {
				APPLICATION_EXTENSION_API_ONLY = YES;
				CLANG_ENABLE_OBJC_WEAK = NO;
				CODE_SIGN_ENTITLEMENTS = LocationPushExtension/LocationPushExtension.entitlements;
				CODE_SIGN_STYLE = Automatic;
				CURRENT_PROJECT_VERSION = 1;
				DEVELOPMENT_TEAM = KVJ86QZYD3;
				GENERATE_INFOPLIST_FILE = NO;
				INFOPLIST_FILE = LocationPushExtension/Info.plist;
				IPHONEOS_DEPLOYMENT_TARGET = 15.0;
				LD_RUNPATH_SEARCH_PATHS = (
					"$(inherited)",
					"@executable_path/Frameworks",
					"@executable_path/../../Frameworks",
				);
				MARKETING_VERSION = 1.0;
				PRODUCT_BUNDLE_IDENTIFIER = "com.masjidpilot.staging.location-push";
				PRODUCT_NAME = "$(TARGET_NAME)";
				SDKROOT = iphoneos;
				SKIP_INSTALL = YES;
				SUPPORTED_PLATFORMS = "iphoneos iphonesimulator";
				SWIFT_VERSION = 5.0;
				TARGETED_DEVICE_FAMILY = "1,2";
			};
			name = Debug;
		};
		0C1B8B4D30960C303130CC89 /* Release */ = {
			isa = XCBuildConfiguration;
			buildSettings = {
				APPLICATION_EXTENSION_API_ONLY = YES;
				CLANG_ENABLE_OBJC_WEAK = NO;
				CODE_SIGN_ENTITLEMENTS = LocationPushExtension/LocationPushExtension.entitlements;
				CODE_SIGN_STYLE = Automatic;
				CURRENT_PROJECT_VERSION = 1;
				DEVELOPMENT_TEAM = KVJ86QZYD3;
				GENERATE_INFOPLIST_FILE = NO;
				INFOPLIST_FILE = LocationPushExtension/Info.plist;
				IPHONEOS_DEPLOYMENT_TARGET = 15.0;
				LD_RUNPATH_SEARCH_PATHS = (
					"$(inherited)",
					"@executable_path/Frameworks",
					"@executable_path/../../Frameworks",
				);
				MARKETING_VERSION = 1.0;
				PRODUCT_BUNDLE_IDENTIFIER = "com.masjidpilot.staging.location-push";
				PRODUCT_NAME = "$(TARGET_NAME)";
				SDKROOT = iphoneos;
				SKIP_INSTALL = YES;
				SUPPORTED_PLATFORMS = "iphoneos iphonesimulator";
				SWIFT_VERSION = 5.0;
				TARGETED_DEVICE_FAMILY = "1,2";
				VALIDATE_PRODUCT = YES;
			};
			name = Release;
		};
		13B07F941A680F5B00A75B9A /* Debug */ = {
			isa = XCBuildConfiguration;
			baseConfigurationReference = 3B4392A12AC88292D35C810B /* Pods-BgGeolocationExample.debug.xcconfig */;
			buildSettings = {
				ASSETCATALOG_COMPILER_APPICON_NAME = AppIcon;
				CLANG_ENABLE_MODULES = YES;
				CODE_SIGN_ENTITLEMENTS = BgGeolocationExample/BgGeolocationExample.entitlements;
				CURRENT_PROJECT_VERSION = 1;
				DEVELOPMENT_TEAM = KVJ86QZYD3;
				ENABLE_BITCODE = NO;
				INFOPLIST_FILE = BgGeolocationExample/Info.plist;
				IPHONEOS_DEPLOYMENT_TARGET = 15.1;
				LD_RUNPATH_SEARCH_PATHS = (
					"$(inherited)",
					"@executable_path/Frameworks",
				);
				MARKETING_VERSION = 1.0;
				OTHER_LDFLAGS = (
					"$(inherited)",
					"-ObjC",
					"-lc++",
				);
				PRODUCT_BUNDLE_IDENTIFIER = com.masjidpilot.staging;
				PRODUCT_NAME = BgGeolocationExample;
				SUPPORTED_PLATFORMS = "iphoneos iphonesimulator";
				SWIFT_OPTIMIZATION_LEVEL = "-Onone";
				SWIFT_VERSION = 5.0;
				TARGETED_DEVICE_FAMILY = "1,2";
				VERSIONING_SYSTEM = "apple-generic";
			};
			name = Debug;
		};
		13B07F951A680F5B00A75B9A /* Release */ = {
			isa = XCBuildConfiguration;
			baseConfigurationReference = 5709B34CF0A7D63546082F79 /* Pods-BgGeolocationExample.release.xcconfig */;
			buildSettings = {
				ASSETCATALOG_COMPILER_APPICON_NAME = AppIcon;
				CLANG_ENABLE_MODULES = YES;
				CODE_SIGN_ENTITLEMENTS = BgGeolocationExample/BgGeolocationExample.entitlements;
				CURRENT_PROJECT_VERSION = 1;
				DEVELOPMENT_TEAM = KVJ86QZYD3;
				INFOPLIST_FILE = BgGeolocationExample/Info.plist;
				IPHONEOS_DEPLOYMENT_TARGET = 15.1;
				LD_RUNPATH_SEARCH_PATHS = (
					"$(inherited)",
					"@executable_path/Frameworks",
				);
				MARKETING_VERSION = 1.0;
				OTHER_LDFLAGS = (
					"$(inherited)",
					"-ObjC",
					"-lc++",
				);
				PRODUCT_BUNDLE_IDENTIFIER = com.masjidpilot.staging;
				PRODUCT_NAME = BgGeolocationExample;
				SUPPORTED_PLATFORMS = "iphoneos iphonesimulator";
				SWIFT_VERSION = 5.0;
				TARGETED_DEVICE_FAMILY = "1,2";
				VERSIONING_SYSTEM = "apple-generic";
			};
			name = Release;
		};
		1F2E7D33DA186D4E2B2F4C51 /* Release */ = {
			isa = XCBuildConfiguration;
			buildSettings = {
				APPLICATION_EXTENSION_API_ONLY = YES;
				CLANG_ENABLE_OBJC_WEAK = NO;
				CODE_SIGN_STYLE = Automatic;
				CURRENT_PROJECT_VERSION = 1;
				DEVELOPMENT_TEAM = KVJ86QZYD3;
				GENERATE_INFOPLIST_FILE = NO;
				INFOPLIST_FILE = BgGeolocationLiveActivity/Info.plist;
				IPHONEOS_DEPLOYMENT_TARGET = 16.2;
				LD_RUNPATH_SEARCH_PATHS = (
					"$(inherited)",
					"@executable_path/Frameworks",
					"@executable_path/../../Frameworks",
				);
				MARKETING_VERSION = 1.0;
				PRODUCT_BUNDLE_IDENTIFIER = com.masjidpilot.staging.LiveActivity;
				PRODUCT_NAME = "$(TARGET_NAME)";
				SDKROOT = iphoneos;
				SKIP_INSTALL = YES;
				SUPPORTED_PLATFORMS = "iphoneos iphonesimulator";
				SWIFT_VERSION = 5.0;
				TARGETED_DEVICE_FAMILY = "1,2";
				VALIDATE_PRODUCT = YES;
			};
			name = Release;
		};
		83CBBA201A601CBA00E9B192 /* Debug */ = {
			isa = XCBuildConfiguration;
			buildSettings = {
				ALWAYS_SEARCH_USER_PATHS = NO;
				CLANG_ANALYZER_LOCALIZABILITY_NONLOCALIZED = YES;
				CLANG_CXX_LANGUAGE_STANDARD = "c++20";
				CLANG_CXX_LIBRARY = "libc++";
				CLANG_ENABLE_MODULES = YES;
				CLANG_ENABLE_OBJC_ARC = YES;
				CLANG_WARN_BLOCK_CAPTURE_AUTORELEASING = YES;
				CLANG_WARN_BOOL_CONVERSION = YES;
				CLANG_WARN_COMMA = YES;
				CLANG_WARN_CONSTANT_CONVERSION = YES;
				CLANG_WARN_DEPRECATED_OBJC_IMPLEMENTATIONS = YES;
				CLANG_WARN_DIRECT_OBJC_ISA_USAGE = YES_ERROR;
				CLANG_WARN_EMPTY_BODY = YES;
				CLANG_WARN_ENUM_CONVERSION = YES;
				CLANG_WARN_INFINITE_RECURSION = YES;
				CLANG_WARN_INT_CONVERSION = YES;
				CLANG_WARN_NON_LITERAL_NULL_CONVERSION = YES;
				CLANG_WARN_OBJC_IMPLICIT_RETAIN_SELF = YES;
				CLANG_WARN_OBJC_LITERAL_CONVERSION = YES;
				CLANG_WARN_OBJC_ROOT_CLASS = YES_ERROR;
				CLANG_WARN_QUOTED_INCLUDE_IN_FRAMEWORK_HEADER = YES;
				CLANG_WARN_RANGE_LOOP_ANALYSIS = YES;
				CLANG_WARN_STRICT_PROTOTYPES = YES;
				CLANG_WARN_SUSPICIOUS_MOVE = YES;
				CLANG_WARN_UNREACHABLE_CODE = YES;
				CLANG_WARN__DUPLICATE_METHOD_MATCH = YES;
				"CODE_SIGN_IDENTITY[sdk=iphoneos*]" = "iPhone Developer";
				COPY_PHASE_STRIP = NO;
				ENABLE_STRICT_OBJC_MSGSEND = YES;
				ENABLE_TESTABILITY = YES;
				"EXCLUDED_ARCHS[sdk=iphonesimulator*]" = "";
				GCC_C_LANGUAGE_STANDARD = gnu99;
				GCC_DYNAMIC_NO_PIC = NO;
				GCC_NO_COMMON_BLOCKS = YES;
				GCC_OPTIMIZATION_LEVEL = 0;
				GCC_PREPROCESSOR_DEFINITIONS = (
					"DEBUG=1",
					"$(inherited)",
				);
				GCC_SYMBOLS_PRIVATE_EXTERN = NO;
				GCC_WARN_64_TO_32_BIT_CONVERSION = YES;
				GCC_WARN_ABOUT_RETURN_TYPE = YES_ERROR;
				GCC_WARN_UNDECLARED_SELECTOR = YES;
				GCC_WARN_UNINITIALIZED_AUTOS = YES_AGGRESSIVE;
				GCC_WARN_UNUSED_FUNCTION = YES;
				GCC_WARN_UNUSED_VARIABLE = YES;
				IPHONEOS_DEPLOYMENT_TARGET = 15.1;
				LD_RUNPATH_SEARCH_PATHS = (
					/usr/lib/swift,
					"$(inherited)",
				);
				LIBRARY_SEARCH_PATHS = (
					"\"$(SDKROOT)/usr/lib/swift\"",
					"\"$(TOOLCHAIN_DIR)/usr/lib/swift/$(PLATFORM_NAME)\"",
					"\"$(inherited)\"",
				);
				MTL_ENABLE_DEBUG_INFO = YES;
				ONLY_ACTIVE_ARCH = YES;
				OTHER_CFLAGS = (
					"$(inherited)",
					"-DRCT_REMOVE_LEGACY_ARCH=1",
				);
				OTHER_CPLUSPLUSFLAGS = (
					"$(OTHER_CFLAGS)",
					"-DFOLLY_NO_CONFIG",
					"-DFOLLY_MOBILE=1",
					"-DFOLLY_USE_LIBCPP=1",
					"-DFOLLY_CFG_NO_COROUTINES=1",
					"-DFOLLY_HAVE_CLOCK_GETTIME=1",
					"-DRCT_REMOVE_LEGACY_ARCH=1",
				);
				REACT_NATIVE_PATH = "${PODS_ROOT}/../../node_modules/react-native";
				SDKROOT = iphoneos;
				SWIFT_ACTIVE_COMPILATION_CONDITIONS = "$(inherited) DEBUG";
				SWIFT_ENABLE_EXPLICIT_MODULES = NO;
				USE_HERMES = true;
			};
			name = Debug;
		};
		83CBBA211A601CBA00E9B192 /* Release */ = {
			isa = XCBuildConfiguration;
			buildSettings = {
				ALWAYS_SEARCH_USER_PATHS = NO;
				CLANG_ANALYZER_LOCALIZABILITY_NONLOCALIZED = YES;
				CLANG_CXX_LANGUAGE_STANDARD = "c++20";
				CLANG_CXX_LIBRARY = "libc++";
				CLANG_ENABLE_MODULES = YES;
				CLANG_ENABLE_OBJC_ARC = YES;
				CLANG_WARN_BLOCK_CAPTURE_AUTORELEASING = YES;
				CLANG_WARN_BOOL_CONVERSION = YES;
				CLANG_WARN_COMMA = YES;
				CLANG_WARN_CONSTANT_CONVERSION = YES;
				CLANG_WARN_DEPRECATED_OBJC_IMPLEMENTATIONS = YES;
				CLANG_WARN_DIRECT_OBJC_ISA_USAGE = YES_ERROR;
				CLANG_WARN_EMPTY_BODY = YES;
				CLANG_WARN_ENUM_CONVERSION = YES;
				CLANG_WARN_INFINITE_RECURSION = YES;
				CLANG_WARN_INT_CONVERSION = YES;
				CLANG_WARN_NON_LITERAL_NULL_CONVERSION = YES;
				CLANG_WARN_OBJC_IMPLICIT_RETAIN_SELF = YES;
				CLANG_WARN_OBJC_LITERAL_CONVERSION = YES;
				CLANG_WARN_OBJC_ROOT_CLASS = YES_ERROR;
				CLANG_WARN_QUOTED_INCLUDE_IN_FRAMEWORK_HEADER = YES;
				CLANG_WARN_RANGE_LOOP_ANALYSIS = YES;
				CLANG_WARN_STRICT_PROTOTYPES = YES;
				CLANG_WARN_SUSPICIOUS_MOVE = YES;
				CLANG_WARN_UNREACHABLE_CODE = YES;
				CLANG_WARN__DUPLICATE_METHOD_MATCH = YES;
				"CODE_SIGN_IDENTITY[sdk=iphoneos*]" = "iPhone Developer";
				COPY_PHASE_STRIP = YES;
				ENABLE_NS_ASSERTIONS = NO;
				ENABLE_STRICT_OBJC_MSGSEND = YES;
				"EXCLUDED_ARCHS[sdk=iphonesimulator*]" = "";
				GCC_C_LANGUAGE_STANDARD = gnu99;
				GCC_NO_COMMON_BLOCKS = YES;
				GCC_WARN_64_TO_32_BIT_CONVERSION = YES;
				GCC_WARN_ABOUT_RETURN_TYPE = YES_ERROR;
				GCC_WARN_UNDECLARED_SELECTOR = YES;
				GCC_WARN_UNINITIALIZED_AUTOS = YES_AGGRESSIVE;
				GCC_WARN_UNUSED_FUNCTION = YES;
				GCC_WARN_UNUSED_VARIABLE = YES;
				IPHONEOS_DEPLOYMENT_TARGET = 15.1;
				LD_RUNPATH_SEARCH_PATHS = (
					/usr/lib/swift,
					"$(inherited)",
				);
				LIBRARY_SEARCH_PATHS = (
					"\"$(SDKROOT)/usr/lib/swift\"",
					"\"$(TOOLCHAIN_DIR)/usr/lib/swift/$(PLATFORM_NAME)\"",
					"\"$(inherited)\"",
				);
				MTL_ENABLE_DEBUG_INFO = NO;
				OTHER_CFLAGS = (
					"$(inherited)",
					"-DRCT_REMOVE_LEGACY_ARCH=1",
				);
				OTHER_CPLUSPLUSFLAGS = (
					"$(OTHER_CFLAGS)",
					"-DFOLLY_NO_CONFIG",
					"-DFOLLY_MOBILE=1",
					"-DFOLLY_USE_LIBCPP=1",
					"-DFOLLY_CFG_NO_COROUTINES=1",
					"-DFOLLY_HAVE_CLOCK_GETTIME=1",
					"-DRCT_REMOVE_LEGACY_ARCH=1",
				);
				REACT_NATIVE_PATH = "${PODS_ROOT}/../../node_modules/react-native";
				SDKROOT = iphoneos;
				SWIFT_ENABLE_EXPLICIT_MODULES = NO;
				USE_HERMES = true;
				VALIDATE_PRODUCT = YES;
			};
			name = Release;
		};
		B03741A2D7DA502B1A0984F1 /* Debug */ = {
			isa = XCBuildConfiguration;
			buildSettings = {
				APPLICATION_EXTENSION_API_ONLY = YES;
				CLANG_ENABLE_OBJC_WEAK = NO;
				CODE_SIGN_STYLE = Automatic;
				CURRENT_PROJECT_VERSION = 1;
				DEVELOPMENT_TEAM = KVJ86QZYD3;
				GENERATE_INFOPLIST_FILE = NO;
				INFOPLIST_FILE = BgGeolocationLiveActivity/Info.plist;
				IPHONEOS_DEPLOYMENT_TARGET = 16.2;
				LD_RUNPATH_SEARCH_PATHS = (
					"$(inherited)",
					"@executable_path/Frameworks",
					"@executable_path/../../Frameworks",
				);
				MARKETING_VERSION = 1.0;
				PRODUCT_BUNDLE_IDENTIFIER = com.masjidpilot.staging.LiveActivity;
				PRODUCT_NAME = "$(TARGET_NAME)";
				SDKROOT = iphoneos;
				SKIP_INSTALL = YES;
				SUPPORTED_PLATFORMS = "iphoneos iphonesimulator";
				SWIFT_VERSION = 5.0;
				TARGETED_DEVICE_FAMILY = "1,2";
			};
			name = Debug;
		};
/* End XCBuildConfiguration section */

/* Begin XCConfigurationList section */
		0D480533A6B01D16D7EFE416 /* Build configuration list for PBXNativeTarget "LocationPushExtension" */ = {
			isa = XCConfigurationList;
			buildConfigurations = (
				0C1B8B4D30960C303130CC89 /* Release */,
				0049EA2B950AA98803BE977D /* Debug */,
			);
			defaultConfigurationIsVisible = 0;
			defaultConfigurationName = Release;
		};
		13B07F931A680F5B00A75B9A /* Build configuration list for PBXNativeTarget "BgGeolocationExample" */ = {
			isa = XCConfigurationList;
			buildConfigurations = (
				13B07F941A680F5B00A75B9A /* Debug */,
				13B07F951A680F5B00A75B9A /* Release */,
			);
			defaultConfigurationIsVisible = 0;
			defaultConfigurationName = Debug;
		};
		7434915676D8800452E8E4D4 /* Build configuration list for PBXNativeTarget "BgGeolocationLiveActivity" */ = {
			isa = XCConfigurationList;
			buildConfigurations = (
				1F2E7D33DA186D4E2B2F4C51 /* Release */,
				B03741A2D7DA502B1A0984F1 /* Debug */,
			);
			defaultConfigurationIsVisible = 0;
			defaultConfigurationName = Release;
		};
		83CBB9FA1A601CBA00E9B192 /* Build configuration list for PBXProject "BgGeolocationExample" */ = {
			isa = XCConfigurationList;
			buildConfigurations = (
				83CBBA201A601CBA00E9B192 /* Debug */,
				83CBBA211A601CBA00E9B192 /* Release */,
			);
			defaultConfigurationIsVisible = 0;
			defaultConfigurationName = Debug;
		};
/* End XCConfigurationList section */
	};
	rootObject = 83CBB9F71A601CBA00E9B192 /* Project object */;
}
