# This file is generated by running "yarn install" inside your project.
# Manual changes might be lost - proceed with caution!

__metadata:
  version: 6
  cacheKey: 8

"@googlemaps/js-api-loader@npm:1.16.8":
  version: 1.16.8
  resolution: "@googlemaps/js-api-loader@npm:1.16.8"
  checksum: 2f5e2ced6b83fb72f32bcfd32c85558dba967580025a53d593e5a8bb15f63eb866e4f55b86aa7f5810e1616554c02100081a9a217d16d25766e57a128b39e825
  languageName: node
  linkType: hard

"@googlemaps/markerclusterer@npm:2.5.3":
  version: 2.5.3
  resolution: "@googlemaps/markerclusterer@npm:2.5.3"
  dependencies:
    fast-deep-equal: ^3.1.3
    supercluster: ^8.0.1
  checksum: aa74e9b59d302a0c7444c48818f017532172973dece223c9a3f9b5cdb8aeba7ea3dd87ee785420972d24e7738937e76373e8aae8a0cf10f045bf9869d1b6b9ee
  languageName: node
  linkType: hard

"@next/env@npm:14.2.15":
  version: 14.2.15
  resolution: "@next/env@npm:14.2.15"
  checksum: bf794604ee62e86ca092120c790815c0caf367009966baa14e75dbd8454a59df524327539d5febc7da42841c3bf6a10443ae0f95280599352a8def56291857fd
  languageName: node
  linkType: hard

"@next/swc-darwin-arm64@npm:14.2.15":
  version: 14.2.15
  resolution: "@next/swc-darwin-arm64@npm:14.2.15"
  conditions: os=darwin & cpu=arm64
  languageName: node
  linkType: hard

"@next/swc-darwin-x64@npm:14.2.15":
  version: 14.2.15
  resolution: "@next/swc-darwin-x64@npm:14.2.15"
  conditions: os=darwin & cpu=x64
  languageName: node
  linkType: hard

"@next/swc-linux-arm64-gnu@npm:14.2.15":
  version: 14.2.15
  resolution: "@next/swc-linux-arm64-gnu@npm:14.2.15"
  conditions: os=linux & cpu=arm64 & libc=glibc
  languageName: node
  linkType: hard

"@next/swc-linux-arm64-musl@npm:14.2.15":
  version: 14.2.15
  resolution: "@next/swc-linux-arm64-musl@npm:14.2.15"
  conditions: os=linux & cpu=arm64 & libc=musl
  languageName: node
  linkType: hard

"@next/swc-linux-x64-gnu@npm:14.2.15":
  version: 14.2.15
  resolution: "@next/swc-linux-x64-gnu@npm:14.2.15"
  conditions: os=linux & cpu=x64 & libc=glibc
  languageName: node
  linkType: hard

"@next/swc-linux-x64-musl@npm:14.2.15":
  version: 14.2.15
  resolution: "@next/swc-linux-x64-musl@npm:14.2.15"
  conditions: os=linux & cpu=x64 & libc=musl
  languageName: node
  linkType: hard

"@next/swc-win32-arm64-msvc@npm:14.2.15":
  version: 14.2.15
  resolution: "@next/swc-win32-arm64-msvc@npm:14.2.15"
  conditions: os=win32 & cpu=arm64
  languageName: node
  linkType: hard

"@next/swc-win32-ia32-msvc@npm:14.2.15":
  version: 14.2.15
  resolution: "@next/swc-win32-ia32-msvc@npm:14.2.15"
  conditions: os=win32 & cpu=ia32
  languageName: node
  linkType: hard

"@next/swc-win32-x64-msvc@npm:14.2.15":
  version: 14.2.15
  resolution: "@next/swc-win32-x64-msvc@npm:14.2.15"
  conditions: os=win32 & cpu=x64
  languageName: node
  linkType: hard

"@react-google-maps/api@npm:^2.20.3":
  version: 2.20.8
  resolution: "@react-google-maps/api@npm:2.20.8"
  dependencies:
    "@googlemaps/js-api-loader": 1.16.8
    "@googlemaps/markerclusterer": 2.5.3
    "@react-google-maps/infobox": 2.20.0
    "@react-google-maps/marker-clusterer": 2.20.0
    "@types/google.maps": 3.58.1
    invariant: 2.2.4
  peerDependencies:
    react: ^16.8 || ^17 || ^18 || ^19
    react-dom: ^16.8 || ^17 || ^18 || ^19
  checksum: a623aad9a457fb5aadac8ebc9cdef7bdb6cac65fdd5430482d33c2a3852d205a94aab0c45651d8f804146ca947c6cfefd31628bc2bcd21f789954ce9bcf00913
  languageName: node
  linkType: hard

"@react-google-maps/infobox@npm:2.20.0":
  version: 2.20.0
  resolution: "@react-google-maps/infobox@npm:2.20.0"
  checksum: 24ea91b0277b75d82f749ef33d70712e5da41e360b82c13c22c0c4ff10085613af023b3c8f3f347030fc0b397502bd1512ef9c4839dc3307f275ccd37644540b
  languageName: node
  linkType: hard

"@react-google-maps/marker-clusterer@npm:2.20.0":
  version: 2.20.0
  resolution: "@react-google-maps/marker-clusterer@npm:2.20.0"
  checksum: ee4aa21bf30db952690ec1031c29c0d4b5687dcc1d5b524f4f44b4a9a9bb91980b77f23fe25a67fe04de26d1c58e59e1d7e2d0ab4706b37a3ba60c674e7a7e32
  languageName: node
  linkType: hard

"@swc/counter@npm:^0.1.3":
  version: 0.1.3
  resolution: "@swc/counter@npm:0.1.3"
  checksum: df8f9cfba9904d3d60f511664c70d23bb323b3a0803ec9890f60133954173047ba9bdeabce28cd70ba89ccd3fd6c71c7b0bd58be85f611e1ffbe5d5c18616598
  languageName: node
  linkType: hard

"@swc/helpers@npm:0.5.5":
  version: 0.5.5
  resolution: "@swc/helpers@npm:0.5.5"
  dependencies:
    "@swc/counter": ^0.1.3
    tslib: ^2.4.0
  checksum: d4f207b191e54b29460804ddf2984ba6ece1d679a0b2f6a9c765dcf27bba92c5769e7965668a4546fb9f1021eaf0ff9be4bf5c235ce12adcd65acdfe77187d11
  languageName: node
  linkType: hard

"@types/google.maps@npm:3.58.1":
  version: 3.58.1
  resolution: "@types/google.maps@npm:3.58.1"
  checksum: 7ad5bd9566ffa0396485c432368e45c43e3fe1ecc2b89324f257a49d9abbe03dfe046a771d82ae1808fa0fb6e04e6ffca870c7f2295fef73a6015a678b067364
  languageName: node
  linkType: hard

"@types/node@npm:^20":
  version: 20.19.41
  resolution: "@types/node@npm:20.19.41"
  dependencies:
    undici-types: ~6.21.0
  checksum: 610d3cda52caae5ab41eee17caab181d4e880ea85930b3155183a49176b2de7932bdbdc2255fb58f5fcdac8bcc2fbd7e6fa0a2339fe7dec01b5d0f136c1c098e
  languageName: node
  linkType: hard

"@types/prop-types@npm:*":
  version: 15.7.15
  resolution: "@types/prop-types@npm:15.7.15"
  checksum: 31aa2f59b28f24da6fb4f1d70807dae2aedfce090ec63eaf9ea01727a9533ef6eaf017de5bff99fbccad7d1c9e644f52c6c2ba30869465dd22b1a7221c29f356
  languageName: node
  linkType: hard

"@types/react-dom@npm:^18":
  version: 18.3.7
  resolution: "@types/react-dom@npm:18.3.7"
  peerDependencies:
    "@types/react": ^18.0.0
  checksum: c8b63ec944d2a68992b4dba474003fe55ee1d949c4b9c8fe97eecb2290de23f76acfb670b2f7ceb46a5fc8e46808d1745369b03edda48a7a0cf730eff4c5d315
  languageName: node
  linkType: hard

"@types/react@npm:^18":
  version: 18.3.30
  resolution: "@types/react@npm:18.3.30"
  dependencies:
    "@types/prop-types": "*"
    csstype: ^3.2.2
  checksum: 9bcdec720af4c3194c5ba8939cca64851743fb9ecf99bd40a1706bb352c988286523fbe8a37e42f4b828a3c05bad68bd6b5762c76c46d2fab8a304862265410f
  languageName: node
  linkType: hard

"bg-geolocation-web-viewer@workspace:.":
  version: 0.0.0-use.local
  resolution: "bg-geolocation-web-viewer@workspace:."
  dependencies:
    "@react-google-maps/api": ^2.20.3
    "@types/node": ^20
    "@types/react": ^18
    "@types/react-dom": ^18
    next: 14.2.15
    react: 18.3.1
    react-dom: 18.3.1
    typescript: ^5
  languageName: unknown
  linkType: soft

"busboy@npm:1.6.0":
  version: 1.6.0
  resolution: "busboy@npm:1.6.0"
  dependencies:
    streamsearch: ^1.1.0
  checksum: 32801e2c0164e12106bf236291a00795c3c4e4b709ae02132883fe8478ba2ae23743b11c5735a0aae8afe65ac4b6ca4568b91f0d9fed1fdbc32ede824a73746e
  languageName: node
  linkType: hard

"caniuse-lite@npm:^1.0.30001579":
  version: 1.0.30001793
  resolution: "caniuse-lite@npm:1.0.30001793"
  checksum: 912398ddd1260a1524b7172c575a57361b081df8978cbbe4db57c46516b65edd0c645e9874c98628363b68d408f05f494494bcd2cf586580adc46c3d04e97951
  languageName: node
  linkType: hard

"client-only@npm:0.0.1":
  version: 0.0.1
  resolution: "client-only@npm:0.0.1"
  checksum: 0c16bf660dadb90610553c1d8946a7fdfb81d624adea073b8440b7d795d5b5b08beb3c950c6a2cf16279365a3265158a236876d92bce16423c485c322d7dfaf8
  languageName: node
  linkType: hard

"csstype@npm:^3.2.2":
  version: 3.2.3
  resolution: "csstype@npm:3.2.3"
  checksum: cb882521b3398958a1ce6ca98c011aec0bde1c77ecaf8a1dd4db3b112a189939beae3b1308243b2fe50fc27eb3edeb0f73a5a4d91d928765dc6d5ecc7bda92ee
  languageName: node
  linkType: hard

"fast-deep-equal@npm:^3.1.3":
  version: 3.1.3
  resolution: "fast-deep-equal@npm:3.1.3"
  checksum: e21a9d8d84f53493b6aa15efc9cfd53dd5b714a1f23f67fb5dc8f574af80df889b3bce25dc081887c6d25457cce704e636395333abad896ccdec03abaf1f3f9d
  languageName: node
  linkType: hard

"graceful-fs@npm:^4.2.11":
  version: 4.2.11
  resolution: "graceful-fs@npm:4.2.11"
  checksum: ac85f94da92d8eb6b7f5a8b20ce65e43d66761c55ce85ac96df6865308390da45a8d3f0296dd3a663de65d30ba497bd46c696cc1e248c72b13d6d567138a4fc7
  languageName: node
  linkType: hard

"invariant@npm:2.2.4":
  version: 2.2.4
  resolution: "invariant@npm:2.2.4"
  dependencies:
    loose-envify: ^1.0.0
  checksum: cc3182d793aad82a8d1f0af697b462939cb46066ec48bbf1707c150ad5fad6406137e91a262022c269702e01621f35ef60269f6c0d7fd178487959809acdfb14
  languageName: node
  linkType: hard

"js-tokens@npm:^3.0.0 || ^4.0.0":
  version: 4.0.0
  resolution: "js-tokens@npm:4.0.0"
  checksum: 8a95213a5a77deb6cbe94d86340e8d9ace2b93bc367790b260101d2f36a2eaf4e4e22d9fa9cf459b38af3a32fb4190e638024cf82ec95ef708680e405ea7cc78
  languageName: node
  linkType: hard

"kdbush@npm:^4.0.2":
  version: 4.1.0
  resolution: "kdbush@npm:4.1.0"
  checksum: 41966f5a853b1206157aeb75f6d971ddfd6711d5ef6b5a9798cf682c70b15d5596685e6075fa75d5af56294bfaabd77589ef261c812e5c36524c151e5fecddec
  languageName: node
  linkType: hard

"loose-envify@npm:^1.0.0, loose-envify@npm:^1.1.0":
  version: 1.4.0
  resolution: "loose-envify@npm:1.4.0"
  dependencies:
    js-tokens: ^3.0.0 || ^4.0.0
  bin:
    loose-envify: cli.js
  checksum: 6517e24e0cad87ec9888f500c5b5947032cdfe6ef65e1c1936a0c48a524b81e65542c9c3edc91c97d5bddc806ee2a985dbc79be89215d613b1de5db6d1cfe6f4
  languageName: node
  linkType: hard

"nanoid@npm:^3.3.6":
  version: 3.3.12
  resolution: "nanoid@npm:3.3.12"
  bin:
    nanoid: bin/nanoid.cjs
  checksum: 38699257447dc59e21e73e0510d0dfb16b7a610d9ca80633d5c3a68f9b4298c990513d30404ca8f163c2d03225ee01695ff8898bea6179183f38f0477b7635ac
  languageName: node
  linkType: hard

"next@npm:14.2.15":
  version: 14.2.15
  resolution: "next@npm:14.2.15"
  dependencies:
    "@next/env": 14.2.15
    "@next/swc-darwin-arm64": 14.2.15
    "@next/swc-darwin-x64": 14.2.15
    "@next/swc-linux-arm64-gnu": 14.2.15
    "@next/swc-linux-arm64-musl": 14.2.15
    "@next/swc-linux-x64-gnu": 14.2.15
    "@next/swc-linux-x64-musl": 14.2.15
    "@next/swc-win32-arm64-msvc": 14.2.15
    "@next/swc-win32-ia32-msvc": 14.2.15
    "@next/swc-win32-x64-msvc": 14.2.15
    "@swc/helpers": 0.5.5
    busboy: 1.6.0
    caniuse-lite: ^1.0.30001579
    graceful-fs: ^4.2.11
    postcss: 8.4.31
    styled-jsx: 5.1.1
  peerDependencies:
    "@opentelemetry/api": ^1.1.0
    "@playwright/test": ^1.41.2
    react: ^18.2.0
    react-dom: ^18.2.0
    sass: ^1.3.0
  dependenciesMeta:
    "@next/swc-darwin-arm64":
      optional: true
    "@next/swc-darwin-x64":
      optional: true
    "@next/swc-linux-arm64-gnu":
      optional: true
    "@next/swc-linux-arm64-musl":
      optional: true
    "@next/swc-linux-x64-gnu":
      optional: true
    "@next/swc-linux-x64-musl":
      optional: true
    "@next/swc-win32-arm64-msvc":
      optional: true
    "@next/swc-win32-ia32-msvc":
      optional: true
    "@next/swc-win32-x64-msvc":
      optional: true
  peerDependenciesMeta:
    "@opentelemetry/api":
      optional: true
    "@playwright/test":
      optional: true
    sass:
      optional: true
  bin:
    next: dist/bin/next
  checksum: bed22817ea82c679e78c1f1e6530991ae89f3c51d547a876dddcda4a3b34cbb970af7c714793e1a1f0a1974859ccc97e10b5aceb61e9807ea94318116e8e7dd6
  languageName: node
  linkType: hard

"picocolors@npm:^1.0.0":
  version: 1.1.1
  resolution: "picocolors@npm:1.1.1"
  checksum: e1cf46bf84886c79055fdfa9dcb3e4711ad259949e3565154b004b260cd356c5d54b31a1437ce9782624bf766272fe6b0154f5f0c744fb7af5d454d2b60db045
  languageName: node
  linkType: hard

"postcss@npm:8.4.31":
  version: 8.4.31
  resolution: "postcss@npm:8.4.31"
  dependencies:
    nanoid: ^3.3.6
    picocolors: ^1.0.0
    source-map-js: ^1.0.2
  checksum: 1d8611341b073143ad90486fcdfeab49edd243377b1f51834dc4f6d028e82ce5190e4f11bb2633276864503654fb7cab28e67abdc0fbf9d1f88cad4a0ff0beea
  languageName: node
  linkType: hard

"react-dom@npm:18.3.1":
  version: 18.3.1
  resolution: "react-dom@npm:18.3.1"
  dependencies:
    loose-envify: ^1.1.0
    scheduler: ^0.23.2
  peerDependencies:
    react: ^18.3.1
  checksum: 298954ecd8f78288dcaece05e88b570014d8f6dce5db6f66e6ee91448debeb59dcd31561dddb354eee47e6c1bb234669459060deb238ed0213497146e555a0b9
  languageName: node
  linkType: hard

"react@npm:18.3.1":
  version: 18.3.1
  resolution: "react@npm:18.3.1"
  dependencies:
    loose-envify: ^1.1.0
  checksum: a27bcfa8ff7c15a1e50244ad0d0c1cb2ad4375eeffefd266a64889beea6f6b64c4966c9b37d14ee32d6c9fcd5aa6ba183b6988167ab4d127d13e7cb5b386a376
  languageName: node
  linkType: hard

"scheduler@npm:^0.23.2":
  version: 0.23.2
  resolution: "scheduler@npm:0.23.2"
  dependencies:
    loose-envify: ^1.1.0
  checksum: 3e82d1f419e240ef6219d794ff29c7ee415fbdc19e038f680a10c067108e06284f1847450a210b29bbaf97b9d8a97ced5f624c31c681248ac84c80d56ad5a2c4
  languageName: node
  linkType: hard

"source-map-js@npm:^1.0.2":
  version: 1.2.1
  resolution: "source-map-js@npm:1.2.1"
  checksum: 4eb0cd997cdf228bc253bcaff9340afeb706176e64868ecd20efbe6efea931465f43955612346d6b7318789e5265bdc419bc7669c1cebe3db0eb255f57efa76b
  languageName: node
  linkType: hard

"streamsearch@npm:^1.1.0":
  version: 1.1.0
  resolution: "streamsearch@npm:1.1.0"
  checksum: 1cce16cea8405d7a233d32ca5e00a00169cc0e19fbc02aa839959985f267335d435c07f96e5e0edd0eadc6d39c98d5435fb5bbbdefc62c41834eadc5622ad942
  languageName: node
  linkType: hard

"styled-jsx@npm:5.1.1":
  version: 5.1.1
  resolution: "styled-jsx@npm:5.1.1"
  dependencies:
    client-only: 0.0.1
  peerDependencies:
    react: ">= 16.8.0 || 17.x.x || ^18.0.0-0"
  peerDependenciesMeta:
    "@babel/core":
      optional: true
    babel-plugin-macros:
      optional: true
  checksum: 523a33b38603492547e861b98e29c873939b04e15fbe5ef16132c6f1e15958126647983c7d4675325038b428a5e91183d996e90141b18bdd1bbadf6e2c45b2fa
  languageName: node
  linkType: hard

"supercluster@npm:^8.0.1":
  version: 8.0.1
  resolution: "supercluster@npm:8.0.1"
  dependencies:
    kdbush: ^4.0.2
  checksum: 39d141f768a511efa53260252f9dab9a2ce0228b334e55482c8d3019e151932f05e1a9a0252d681737651b13c741c665542a6ddb40ec27de96159ea7ad41f7f4
  languageName: node
  linkType: hard

"tslib@npm:^2.4.0":
  version: 2.8.1
  resolution: "tslib@npm:2.8.1"
  checksum: e4aba30e632b8c8902b47587fd13345e2827fa639e7c3121074d5ee0880723282411a8838f830b55100cbe4517672f84a2472667d355b81e8af165a55dc6203a
  languageName: node
  linkType: hard

"typescript@npm:^5":
  version: 5.9.3
  resolution: "typescript@npm:5.9.3"
  bin:
    tsc: bin/tsc
    tsserver: bin/tsserver
  checksum: 0d0ffb84f2cd072c3e164c79a2e5a1a1f4f168e84cb2882ff8967b92afe1def6c2a91f6838fb58b168428f9458c57a2ba06a6737711fdd87a256bbe83e9a217f
  languageName: node
  linkType: hard

"typescript@patch:typescript@^5#~builtin<compat/typescript>":
  version: 5.9.3
  resolution: "typescript@patch:typescript@npm%3A5.9.3#~builtin<compat/typescript>::version=5.9.3&hash=29ae49"
  bin:
    tsc: bin/tsc
    tsserver: bin/tsserver
  checksum: 8bb8d86819ac86a498eada254cad7fb69c5f74778506c700c2a712daeaff21d3a6f51fd0d534fe16903cb010d1b74f89437a3d02d4d0ff5ca2ba9a4660de8497
  languageName: node
  linkType: hard

"undici-types@npm:~6.21.0":
  version: 6.21.0
  resolution: "undici-types@npm:6.21.0"
  checksum: 46331c7d6016bf85b3e8f20c159d62f5ae471aba1eb3dc52fff35a0259d58dcc7d592d4cc4f00c5f9243fa738a11cfa48bd20203040d4a9e6bc25e807fab7ab3
  languageName: node
  linkType: hard
